
Microsoft Visual Studio Solution File, Format Version 12.00
# Visual Studio Version 17
VisualStudioVersion = 17.11.35327.3
MinimumVisualStudioVersion = 10.0.40219.1
Project("{9A19103F-16F7-4668-BE54-9A1E7A4F7556}") = "Design_Patterns", "Design_Patterns\Design_Patterns.csproj", "{5A30D020-FA47-4EB9-9A6C-AAF575BCB7A7}"
EndProject
Project("{2150E333-8FDC-42A3-9474-1A3956D46DE8}") = "Helper", "Helper", "{8F6AD0B5-B04B-43F6-88E5-A725E1916F3E}"
EndProject
Project("{9A19103F-16F7-4668-BE54-9A1E7A4F7556}") = "PayrollSystem", "PayrollSystem\PayrollSystem.csproj", "{EB28BA53-76D7-4D8A-9A23-EACB8637FF3A}"
EndProject
Project("{2150E333-8FDC-42A3-9474-1A3956D46DE8}") = "HelperAdaptor", "HelperAdaptor", "{116F4412-1679-47A0-9314-2AF72F6DF086}"
EndProject
Global
	GlobalSection(SolutionConfigurationPlatforms) = preSolution
		Debug|Any CPU = Debug|Any CPU
		Release|Any CPU = Release|Any CPU
	EndGlobalSection
	GlobalSection(ProjectConfigurationPlatforms) = postSolution
		{5A30D020-FA47-4EB9-9A6C-AAF575BCB7A7}.Debug|Any CPU.ActiveCfg = Debug|Any CPU
		{5A30D020-FA47-4EB9-9A6C-AAF575BCB7A7}.Debug|Any CPU.Build.0 = Debug|Any CPU
		{5A30D020-FA47-4EB9-9A6C-AAF575BCB7A7}.Release|Any CPU.ActiveCfg = Release|Any CPU
		{5A30D020-FA47-4EB9-9A6C-AAF575BCB7A7}.Release|Any CPU.Build.0 = Release|Any CPU
		{EB28BA53-76D7-4D8A-9A23-EACB8637FF3A}.Debug|Any CPU.ActiveCfg = Debug|Any CPU
		{EB28BA53-76D7-4D8A-9A23-EACB8637FF3A}.Debug|Any CPU.Build.0 = Debug|Any CPU
		{EB28BA53-76D7-4D8A-9A23-EACB8637FF3A}.Release|Any CPU.ActiveCfg = Release|Any CPU
		{EB28BA53-76D7-4D8A-9A23-EACB8637FF3A}.Release|Any CPU.Build.0 = Release|Any CPU
	EndGlobalSection
	GlobalSection(SolutionProperties) = preSolution
		HideSolutionNode = FALSE
	EndGlobalSection
	GlobalSection(NestedProjects) = preSolution
		{EB28BA53-76D7-4D8A-9A23-EACB8637FF3A} = {116F4412-1679-47A0-9314-2AF72F6DF086}
		{116F4412-1679-47A0-9314-2AF72F6DF086} = {8F6AD0B5-B04B-43F6-88E5-A725E1916F3E}
	EndGlobalSection
	GlobalSection(ExtensibilityGlobals) = postSolution
		SolutionGuid = {82DA13FA-FA21-4414-921D-35E7EE973668}
	EndGlobalSection
EndGlobal
